{
  "originHash" : "4e0e52d401f12a0f7aa7bdc4c51926dac3ffd5e99b6a0c578c7b6fda4f0c1396",
  "pins" : [
    {
      "identity" : "mockable",
      "kind" : "remoteSourceControl",
      "location" : "https://github.com/Kolos65/Mockable",
      "state" : {
        "revision" : "e1b311b01c11415099341eee49769185e965ac4c",
        "version" : "0.2.0"
      }
    },
    {
      "identity" : "swift-syntax",
      "kind" : "remoteSourceControl",
      "location" : "https://github.com/swiftlang/swift-syntax.git",
      "state" : {
        "revision" : "0687f71944021d616d34d922343dcef086855920",
        "version" : "600.0.1"
      }
    },
    {
      "identity" : "swiftsplines",
      "kind" : "remoteSourceControl",
      "location" : "https://github.com/Bersaelor/SwiftSplines",
      "state" : {
        "revision" : "2288e9fbf3245f1b89b69c23bebd30461aa0f40c",
        "version" : "0.3.0"
      }
    },
    {
      "identity" : "xctest-dynamic-overlay",
      "kind" : "remoteSourceControl",
      "location" : "https://github.com/pointfreeco/xctest-dynamic-overlay",
      "state" : {
        "revision" : "a3f634d1a409c7979cabc0a71b3f26ffa9fc8af1",
        "version" : "1.4.3"
      }
    }
  ],
  "version" : 3
}
